
Microsoft Visual Studio Solution File, Format Version 12.00
# Visual Studio Version 17
VisualStudioVersion = 17.5.002.0
MinimumVisualStudioVersion = 10.0.40219.1
Project("{9A19103F-16F7-4668-BE54-9A1E7A4F7556}") = "Labb3 c#", "Labb3 c#.csproj", "{E2AE74E0-99EB-41F4-B985-86D7F8F36061}"
EndProject
Global
	GlobalSection(SolutionConfigurationPlatforms) = preSolution
		Debug|Any CPU = Debug|Any CPU
		Release|Any CPU = Release|Any CPU
	EndGlobalSection
	GlobalSection(ProjectConfigurationPlatforms) = postSolution
		{E2AE74E0-99EB-41F4-B985-86D7F8F36061}.Debug|Any CPU.ActiveCfg = Debug|Any CPU
		{E2AE74E0-99EB-41F4-B985-86D7F8F36061}.Debug|Any CPU.Build.0 = Debug|Any CPU
		{E2AE74E0-99EB-41F4-B985-86D7F8F36061}.Release|Any CPU.ActiveCfg = Release|Any CPU
		{E2AE74E0-99EB-41F4-B985-86D7F8F36061}.Release|Any CPU.Build.0 = Release|Any CPU
	EndGlobalSection
	GlobalSection(SolutionProperties) = preSolution
		HideSolutionNode = FALSE
	EndGlobalSection
	GlobalSection(ExtensibilityGlobals) = postSolution
		SolutionGuid = {927104AC-2538-4E9F-99DA-64B33EDC5A0E}
	EndGlobalSection
EndGlobal
